
Microsoft Visual Studio Solution File, Format Version 12.00
# Visual Studio Version 17
VisualStudioVersion = 17.8.34309.116
MinimumVisualStudioVersion = 10.0.40219.1
Project("{9A19103F-16F7-4668-BE54-9A1E7A4F7556}") = "DownloaderForMHR", "DownloaderForMHR\DownloaderForMHR.csproj", "{F3DF381E-E7F7-4C9F-A8E8-42459A98B246}"
EndProject
Project("{9A19103F-16F7-4668-BE54-9A1E7A4F7556}") = "Downloader", "Downloader\Downloader.csproj", "{C915F776-7A65-4370-8461-E098F811DD33}"
EndProject
Global
	GlobalSection(SolutionConfigurationPlatforms) = preSolution
		Debug|Any CPU = Debug|Any CPU
		Release|Any CPU = Release|Any CPU
	EndGlobalSection
	GlobalSection(ProjectConfigurationPlatforms) = postSolution
		{F3DF381E-E7F7-4C9F-A8E8-42459A98B246}.Debug|Any CPU.ActiveCfg = Debug|Any CPU
		{F3DF381E-E7F7-4C9F-A8E8-42459A98B246}.Debug|Any CPU.Build.0 = Debug|Any CPU
		{F3DF381E-E7F7-4C9F-A8E8-42459A98B246}.Release|Any CPU.ActiveCfg = Release|Any CPU
		{F3DF381E-E7F7-4C9F-A8E8-42459A98B246}.Release|Any CPU.Build.0 = Release|Any CPU
		{C915F776-7A65-4370-8461-E098F811DD33}.Debug|Any CPU.ActiveCfg = Debug|Any CPU
		{C915F776-7A65-4370-8461-E098F811DD33}.Debug|Any CPU.Build.0 = Debug|Any CPU
		{C915F776-7A65-4370-8461-E098F811DD33}.Release|Any CPU.ActiveCfg = Release|Any CPU
		{C915F776-7A65-4370-8461-E098F811DD33}.Release|Any CPU.Build.0 = Release|Any CPU
	EndGlobalSection
	GlobalSection(SolutionProperties) = preSolution
		HideSolutionNode = FALSE
	EndGlobalSection
	GlobalSection(ExtensibilityGlobals) = postSolution
		SolutionGuid = {8DEF99A2-3F00-405D-844C-58F1D679DDA7}
	EndGlobalSection
EndGlobal
